{
  "originHash" : "815cdf5a53090c5a85ad63087a2bd6b5e915a59dacbf966a0d9215ea4670408e",
  "pins" : [
    {
      "identity" : "activityindicatorview",
      "kind" : "remoteSourceControl",
      "location" : "https://github.com/exyte/ActivityIndicatorView.git",
      "state" : {
        "revision" : "9970fd0bb7a05dad0b6566ae1f56937716686b24",
        "version" : "1.1.1"
      }
    },
    {
      "identity" : "bluesocket",
      "kind" : "remoteSourceControl",
      "location" : "https://github.com/Kitura/BlueSocket.git",
      "state" : {
        "revision" : "c9894fd117457f1d006575fbfb2fdfd6f79eac03",
        "version" : "1.0.200"
      }
    },
    {
      "identity" : "foil",
      "kind" : "remoteSourceControl",
      "location" : "https://github.com/jessesquires/Foil.git",
      "state" : {
        "revision" : "29ead3cfcde072a8308e9587e29a01f4937ce9de",
        "version" : "5.1.1"
      }
    },
    {
      "identity" : "heliumlogger",
      "kind" : "remoteSourceControl",
      "location" : "https://github.com/Kitura/HeliumLogger.git",
      "state" : {
        "revision" : "55fd2f0b70793017acee853c53cfcf8da0bd8d8d",
        "version" : "1.9.200"
      }
    },
    {
      "identity" : "loggerapi",
      "kind" : "remoteSourceControl",
      "location" : "https://github.com/Kitura/LoggerAPI.git",
      "state" : {
        "revision" : "e82d34eab3f0b05391082b11ea07d3b70d2f65bb",
        "version" : "1.9.200"
      }
    },
    {
      "identity" : "ssdpclient",
      "kind" : "remoteSourceControl",
      "location" : "https://github.com/pierrickrouxel/SSDPClient.git",
      "state" : {
        "branch" : "master",
        "revision" : "5c7f5947f5a1732f66e4f0bbf9df292b0f01060a"
      }
    },
    {
      "identity" : "swift-log",
      "kind" : "remoteSourceControl",
      "location" : "https://github.com/apple/swift-log.git",
      "state" : {
        "revision" : "9cb486020ebf03bfa5b5df985387a14a98744537",
        "version" : "1.6.1"
      }
    },
    {
      "identity" : "webosclient",
      "kind" : "remoteSourceControl",
      "location" : "https://github.com/jareksedy/WebOSClient.git",
      "state" : {
        "revision" : "2687b5a5564c4105b210fad4e13d70311ff403d5",
        "version" : "1.5.0"
      }
    }
  ],
  "version" : 3
}
