// !$*UTF8*$!
{
	archiveVersion = 1;
	classes = {
	};
	objectVersion = 60;
	objects = {

/* Begin PBXBuildFile section */
		CA21441E2C60BFCA00D3931A /* DeviceDiscoveryNavigationContext.swift in Sources */ = {isa = PBXBuildFile; fileRef = CA21441D2C60BFCA00D3931A /* DeviceDiscoveryNavigationContext.swift */; };
		CA409B9A2C61EBBE00888518 /* String+.swift in Sources */ = {isa = PBXBuildFile; fileRef = CA409B992C61EBBE00888518 /* String+.swift */; };
		CA409B9C2C61EC3C00888518 /* WakeOnLANService.swift in Sources */ = {isa = PBXBuildFile; fileRef = CA409B9B2C61EC3C00888518 /* WakeOnLANService.swift */; };
		CA510F902C70926600FC3800 /* AppsView.swift in Sources */ = {isa = PBXBuildFile; fileRef = CA510F8F2C70926600FC3800 /* AppsView.swift */; };
		CA510F922C70B5B200FC3800 /* SingleAppView.swift in Sources */ = {isa = PBXBuildFile; fileRef = CA510F912C70B5B200FC3800 /* SingleAppView.swift */; };
		CA6116682C68BA2900AD5BCF /* PopupView.swift in Sources */ = {isa = PBXBuildFile; fileRef = CA6116672C68BA2900AD5BCF /* PopupView.swift */; };
		CA61166A2C68D5E600AD5BCF /* LargeTipView.swift in Sources */ = {isa = PBXBuildFile; fileRef = CA6116692C68D5E600AD5BCF /* LargeTipView.swift */; };
		CA61166C2C68D9F100AD5BCF /* UIDevice+.swift in Sources */ = {isa = PBXBuildFile; fileRef = CA61166B2C68D9F100AD5BCF /* UIDevice+.swift */; };
		CA667A682C4918F1007E8F87 /* GeezmoApp.swift in Sources */ = {isa = PBXBuildFile; fileRef = CA667A672C4918F1007E8F87 /* GeezmoApp.swift */; };
		CA667A6C2C4918F1007E8F87 /* Assets.xcassets in Resources */ = {isa = PBXBuildFile; fileRef = CA667A6B2C4918F1007E8F87 /* Assets.xcassets */; };
		CA667A6F2C4918F1007E8F87 /* Preview Assets.xcassets in Resources */ = {isa = PBXBuildFile; fileRef = CA667A6E2C4918F1007E8F87 /* Preview Assets.xcassets */; };
		CA667A752C4918F1007E8F87 /* Geezmo Watch App.app in Embed Watch Content */ = {isa = PBXBuildFile; fileRef = CA667A742C4918F1007E8F87 /* Geezmo Watch App.app */; settings = {ATTRIBUTES = (RemoveHeadersOnCopy, ); }; };
		CA667A7A2C4918F1007E8F87 /* GeezmoWatchApp.swift in Sources */ = {isa = PBXBuildFile; fileRef = CA667A792C4918F1007E8F87 /* GeezmoWatchApp.swift */; };
		CA667A7E2C4918F2007E8F87 /* Assets.xcassets in Resources */ = {isa = PBXBuildFile; fileRef = CA667A7D2C4918F2007E8F87 /* Assets.xcassets */; };
		CA667A812C4918F2007E8F87 /* Preview Assets.xcassets in Resources */ = {isa = PBXBuildFile; fileRef = CA667A802C4918F2007E8F87 /* Preview Assets.xcassets */; };
		CA667A8C2C492101007E8F87 /* MainView.swift in Sources */ = {isa = PBXBuildFile; fileRef = CA667A8B2C492101007E8F87 /* MainView.swift */; };
		CA667A8F2C49215F007E8F87 /* PreferencesView.swift in Sources */ = {isa = PBXBuildFile; fileRef = CA667A8E2C49215F007E8F87 /* PreferencesView.swift */; };
		CA667A912C49218E007E8F87 /* DeviceDiscoveryView.swift in Sources */ = {isa = PBXBuildFile; fileRef = CA667A902C49218E007E8F87 /* DeviceDiscoveryView.swift */; };
		CA667A972C4921C5007E8F87 /* ActivityIndicatorView in Frameworks */ = {isa = PBXBuildFile; productRef = CA667A962C4921C5007E8F87 /* ActivityIndicatorView */; };
		CA667A9A2C4921CF007E8F87 /* Foil in Frameworks */ = {isa = PBXBuildFile; productRef = CA667A992C4921CF007E8F87 /* Foil */; };
		CA667A9F2C4921F9007E8F87 /* AboutView.swift in Sources */ = {isa = PBXBuildFile; fileRef = CA667A9E2C4921F9007E8F87 /* AboutView.swift */; };
		CA667AA12C492223007E8F87 /* TipView.swift in Sources */ = {isa = PBXBuildFile; fileRef = CA667AA02C492223007E8F87 /* TipView.swift */; };
		CA667AA32C49223F007E8F87 /* FAQView.swift in Sources */ = {isa = PBXBuildFile; fileRef = CA667AA22C49223F007E8F87 /* FAQView.swift */; };
		CA667AA52C492265007E8F87 /* ToastConfiguration.swift in Sources */ = {isa = PBXBuildFile; fileRef = CA667AA42C492265007E8F87 /* ToastConfiguration.swift */; };
		CA667AA72C49227E007E8F87 /* ToastSheetView.swift in Sources */ = {isa = PBXBuildFile; fileRef = CA667AA62C49227E007E8F87 /* ToastSheetView.swift */; };
		CA667AA92C4922D9007E8F87 /* KeyboardView.swift in Sources */ = {isa = PBXBuildFile; fileRef = CA667AA82C4922D9007E8F87 /* KeyboardView.swift */; };
		CA667AAB2C492315007E8F87 /* KeyButtonGroup.swift in Sources */ = {isa = PBXBuildFile; fileRef = CA667AAA2C492315007E8F87 /* KeyButtonGroup.swift */; };
		CA667AAE2C49233A007E8F87 /* KeyButtonRow.swift in Sources */ = {isa = PBXBuildFile; fileRef = CA667AAD2C49233A007E8F87 /* KeyButtonRow.swift */; };
		CA667AB22C4923D6007E8F87 /* KeyButton.swift in Sources */ = {isa = PBXBuildFile; fileRef = CA667AB12C4923D6007E8F87 /* KeyButton.swift */; };
		CA667AB42C492CF0007E8F87 /* ButtonGroupDefaultView.swift in Sources */ = {isa = PBXBuildFile; fileRef = CA667AB32C492CF0007E8F87 /* ButtonGroupDefaultView.swift */; };
		CA667AB72C492D86007E8F87 /* ButtonGroupDefaultAlternativeView.swift in Sources */ = {isa = PBXBuildFile; fileRef = CA667AB62C492D86007E8F87 /* ButtonGroupDefaultAlternativeView.swift */; };
		CA667AB92C492DCF007E8F87 /* ButtonGroupColorView.swift in Sources */ = {isa = PBXBuildFile; fileRef = CA667AB82C492DCF007E8F87 /* ButtonGroupColorView.swift */; };
		CA667ABB2C492E3A007E8F87 /* ButtonGroupColorAlternativeView.swift in Sources */ = {isa = PBXBuildFile; fileRef = CA667ABA2C492E3A007E8F87 /* ButtonGroupColorAlternativeView.swift */; };
		CA667ABD2C492E94007E8F87 /* MainViewModel.swift in Sources */ = {isa = PBXBuildFile; fileRef = CA667ABC2C492E94007E8F87 /* MainViewModel.swift */; };
		CA667AC02C492EBB007E8F87 /* MainViewModel+.swift in Sources */ = {isa = PBXBuildFile; fileRef = CA667ABF2C492EBB007E8F87 /* MainViewModel+.swift */; };
		CA667AC22C492EDF007E8F87 /* WebOSClientDelegate.swift in Sources */ = {isa = PBXBuildFile; fileRef = CA667AC12C492EDF007E8F87 /* WebOSClientDelegate.swift */; };
		CA667AC42C492F04007E8F87 /* WCSessionDelegate.swift in Sources */ = {isa = PBXBuildFile; fileRef = CA667AC32C492F04007E8F87 /* WCSessionDelegate.swift */; };
		CA667AC62C492F2B007E8F87 /* SSDPDiscoveryDelegate.swift in Sources */ = {isa = PBXBuildFile; fileRef = CA667AC52C492F2B007E8F87 /* SSDPDiscoveryDelegate.swift */; };
		CA667AC82C492F5C007E8F87 /* UINavigationController+.swift in Sources */ = {isa = PBXBuildFile; fileRef = CA667AC72C492F5C007E8F87 /* UINavigationController+.swift */; };
		CA667ACB2C492F8A007E8F87 /* Strings.swift in Sources */ = {isa = PBXBuildFile; fileRef = CA667ACA2C492F8A007E8F87 /* Strings.swift */; };
		CA667ACE2C492FD3007E8F87 /* KeyButtonType.swift in Sources */ = {isa = PBXBuildFile; fileRef = CA667ACD2C492FD3007E8F87 /* KeyButtonType.swift */; };
		CA667AD12C49300D007E8F87 /* DeviceData.swift in Sources */ = {isa = PBXBuildFile; fileRef = CA667AD02C49300D007E8F87 /* DeviceData.swift */; };
		CA667AD32C493021007E8F87 /* NavigationScreens.swift in Sources */ = {isa = PBXBuildFile; fileRef = CA667AD22C493021007E8F87 /* NavigationScreens.swift */; };
		CA667AD52C49303C007E8F87 /* ToastType.swift in Sources */ = {isa = PBXBuildFile; fileRef = CA667AD42C49303C007E8F87 /* ToastType.swift */; };
		CA667AD72C493088007E8F87 /* AppSettings.swift in Sources */ = {isa = PBXBuildFile; fileRef = CA667AD62C493088007E8F87 /* AppSettings.swift */; };
		CA667AD82C49308C007E8F87 /* AppSettings.swift in Sources */ = {isa = PBXBuildFile; fileRef = CA667AD62C493088007E8F87 /* AppSettings.swift */; };
		CA667ADB2C4930B3007E8F87 /* BundleExtensions.swift in Sources */ = {isa = PBXBuildFile; fileRef = CA667ADA2C4930B3007E8F87 /* BundleExtensions.swift */; };
		CA667ADD2C4930C7007E8F87 /* BundleExtensions.swift in Sources */ = {isa = PBXBuildFile; fileRef = CA667ADA2C4930B3007E8F87 /* BundleExtensions.swift */; };
		CA667ADF2C4930D8007E8F87 /* StringExtensions.swift in Sources */ = {isa = PBXBuildFile; fileRef = CA667ADE2C4930D8007E8F87 /* StringExtensions.swift */; };
		CA667AE02C4930DB007E8F87 /* StringExtensions.swift in Sources */ = {isa = PBXBuildFile; fileRef = CA667ADE2C4930D8007E8F87 /* StringExtensions.swift */; };
		CA667AE22C49310E007E8F87 /* Globals.swift in Sources */ = {isa = PBXBuildFile; fileRef = CA667AE12C49310E007E8F87 /* Globals.swift */; };
		CA667AE62C493155007E8F87 /* Foil in Frameworks */ = {isa = PBXBuildFile; productRef = CA667AE52C493155007E8F87 /* Foil */; };
		CA667AEA2C493548007E8F87 /* KeyButtonType.swift in Sources */ = {isa = PBXBuildFile; fileRef = CA667AE92C493548007E8F87 /* KeyButtonType.swift */; };
		CA667AED2C493576007E8F87 /* Strings.swift in Sources */ = {isa = PBXBuildFile; fileRef = CA667AEC2C493576007E8F87 /* Strings.swift */; };
		CA667AF02C49359F007E8F87 /* Globals.swift in Sources */ = {isa = PBXBuildFile; fileRef = CA667AEF2C49359F007E8F87 /* Globals.swift */; };
		CA667AF32C4935D4007E8F87 /* MainTabView.swift in Sources */ = {isa = PBXBuildFile; fileRef = CA667AF22C4935D4007E8F87 /* MainTabView.swift */; };
		CA667AF62C49361C007E8F87 /* NavigationView.swift in Sources */ = {isa = PBXBuildFile; fileRef = CA667AF52C49361C007E8F87 /* NavigationView.swift */; };
		CA667AF82C493655007E8F87 /* PlaybackView.swift in Sources */ = {isa = PBXBuildFile; fileRef = CA667AF72C493655007E8F87 /* PlaybackView.swift */; };
		CA667AFA2C493696007E8F87 /* PreferencesView.swift in Sources */ = {isa = PBXBuildFile; fileRef = CA667AF92C493696007E8F87 /* PreferencesView.swift */; };
		CA667AFC2C4936CB007E8F87 /* VolumeView.swift in Sources */ = {isa = PBXBuildFile; fileRef = CA667AFB2C4936CB007E8F87 /* VolumeView.swift */; };
		CA667AFE2C49370E007E8F87 /* KeyButton.swift in Sources */ = {isa = PBXBuildFile; fileRef = CA667AFD2C49370E007E8F87 /* KeyButton.swift */; };
		CA667B012C4937B7007E8F87 /* KeyButtonRow.swift in Sources */ = {isa = PBXBuildFile; fileRef = CA667B002C4937B7007E8F87 /* KeyButtonRow.swift */; };
		CA667B032C4937E2007E8F87 /* KeyButtonGroup.swift in Sources */ = {isa = PBXBuildFile; fileRef = CA667B022C4937E2007E8F87 /* KeyButtonGroup.swift */; };
		CA667B052C49383C007E8F87 /* NavigationDefaultView.swift in Sources */ = {isa = PBXBuildFile; fileRef = CA667B042C49383C007E8F87 /* NavigationDefaultView.swift */; };
		CA667B082C49388F007E8F87 /* NavigationAlternativeView.swift in Sources */ = {isa = PBXBuildFile; fileRef = CA667B072C49388F007E8F87 /* NavigationAlternativeView.swift */; };
		CA667B0A2C4938EC007E8F87 /* PlaybackDefaultView.swift in Sources */ = {isa = PBXBuildFile; fileRef = CA667B092C4938EC007E8F87 /* PlaybackDefaultView.swift */; };
		CA667B0C2C493925007E8F87 /* PlaybackAlternativeView.swift in Sources */ = {isa = PBXBuildFile; fileRef = CA667B0B2C493925007E8F87 /* PlaybackAlternativeView.swift */; };
		CA667B0E2C493963007E8F87 /* MainViewModel.swift in Sources */ = {isa = PBXBuildFile; fileRef = CA667B0D2C493963007E8F87 /* MainViewModel.swift */; };
		CA667B122C49403F007E8F87 /* Localizable.strings in Resources */ = {isa = PBXBuildFile; fileRef = CA667B102C49403F007E8F87 /* Localizable.strings */; };
		CA667B1B2C49428B007E8F87 /* WidgetKit.framework in Frameworks */ = {isa = PBXBuildFile; fileRef = CA667B1A2C49428B007E8F87 /* WidgetKit.framework */; };
		CA667B1D2C49428B007E8F87 /* SwiftUI.framework in Frameworks */ = {isa = PBXBuildFile; fileRef = CA667B1C2C49428B007E8F87 /* SwiftUI.framework */; };
		CA667B202C49428B007E8F87 /* GeezmoWidget.swift in Sources */ = {isa = PBXBuildFile; fileRef = CA667B1F2C49428B007E8F87 /* GeezmoWidget.swift */; };
		CA667B222C49428C007E8F87 /* Assets.xcassets in Resources */ = {isa = PBXBuildFile; fileRef = CA667B212C49428C007E8F87 /* Assets.xcassets */; };
		CA667B262C49428C007E8F87 /* GeezmoWidgetExtension.appex in Embed Foundation Extensions */ = {isa = PBXBuildFile; fileRef = CA667B192C49428B007E8F87 /* GeezmoWidgetExtension.appex */; settings = {ATTRIBUTES = (RemoveHeadersOnCopy, ); }; };
		CA79FC3D2C57EBD500B357F1 /* WebOSClient in Frameworks */ = {isa = PBXBuildFile; productRef = CA79FC3C2C57EBD500B357F1 /* WebOSClient */; };
		CA79FC3F2C58068400B357F1 /* WebOSClient in Frameworks */ = {isa = PBXBuildFile; productRef = CA79FC3E2C58068400B357F1 /* WebOSClient */; };
		CA7C9AA12C58BCA0007C8045 /* PinPadView.swift in Sources */ = {isa = PBXBuildFile; fileRef = CA7C9AA02C58BCA0007C8045 /* PinPadView.swift */; };
		CA8C4F9B2C5CD581004154E9 /* SSDPClient in Frameworks */ = {isa = PBXBuildFile; productRef = CA8C4F9A2C5CD581004154E9 /* SSDPClient */; };
		CA8C4F9E2C5CD657004154E9 /* SSDPClient in Frameworks */ = {isa = PBXBuildFile; productRef = CA8C4F9D2C5CD657004154E9 /* SSDPClient */; };
		CA8C4FA12C5CD7F6004154E9 /* SSDPClient in Frameworks */ = {isa = PBXBuildFile; productRef = CA8C4FA02C5CD7F6004154E9 /* SSDPClient */; };
		CA9302B12C7F270100AAEBEB /* FirebaseAnalytics in Frameworks */ = {isa = PBXBuildFile; productRef = CA9302B02C7F270100AAEBEB /* FirebaseAnalytics */; };
		CA9302B32C7F270100AAEBEB /* FirebaseCrashlytics in Frameworks */ = {isa = PBXBuildFile; productRef = CA9302B22C7F270100AAEBEB /* FirebaseCrashlytics */; };
		CA9302B52C7F27B900AAEBEB /* GoogleService-Info.plist in Resources */ = {isa = PBXBuildFile; fileRef = CA9302B42C7F27B900AAEBEB /* GoogleService-Info.plist */; };
		CA9302B62C7F27B900AAEBEB /* GoogleService-Info.plist in Resources */ = {isa = PBXBuildFile; fileRef = CA9302B42C7F27B900AAEBEB /* GoogleService-Info.plist */; };
		CA9302B72C7F27B900AAEBEB /* GoogleService-Info.plist in Resources */ = {isa = PBXBuildFile; fileRef = CA9302B42C7F27B900AAEBEB /* GoogleService-Info.plist */; };
		CA9302B92C803A8100AAEBEB /* AnalyticsEvents.swift in Sources */ = {isa = PBXBuildFile; fileRef = CA9302B82C803A8100AAEBEB /* AnalyticsEvents.swift */; };
		CA9302BA2C803A8100AAEBEB /* AnalyticsEvents.swift in Sources */ = {isa = PBXBuildFile; fileRef = CA9302B82C803A8100AAEBEB /* AnalyticsEvents.swift */; };
		CA9302BB2C803A8100AAEBEB /* AnalyticsEvents.swift in Sources */ = {isa = PBXBuildFile; fileRef = CA9302B82C803A8100AAEBEB /* AnalyticsEvents.swift */; };
		CA97AE572C5F5326006917B1 /* LocalNetworkAuthorization.swift in Sources */ = {isa = PBXBuildFile; fileRef = CA97AE562C5F5326006917B1 /* LocalNetworkAuthorization.swift */; };
		CA97AE592C5FA91A006917B1 /* AlertConfiguration.swift in Sources */ = {isa = PBXBuildFile; fileRef = CA97AE582C5FA91A006917B1 /* AlertConfiguration.swift */; };
		CAE576A82C78ADB800DE9A82 /* Localizable.strings in Resources */ = {isa = PBXBuildFile; fileRef = CAE576A62C78ADB800DE9A82 /* Localizable.strings */; };
/* End PBXBuildFile section */

/* Begin PBXContainerItemProxy section */
		CA667A762C4918F1007E8F87 /* PBXContainerItemProxy */ = {
			isa = PBXContainerItemProxy;
			containerPortal = CA667A5C2C4918F1007E8F87 /* Project object */;
			proxyType = 1;
			remoteGlobalIDString = CA667A732C4918F1007E8F87;
			remoteInfo = "Geezmo Watch App";
		};
		CA667B242C49428C007E8F87 /* PBXContainerItemProxy */ = {
			isa = PBXContainerItemProxy;
			containerPortal = CA667A5C2C4918F1007E8F87 /* Project object */;
			proxyType = 1;
			remoteGlobalIDString = CA667B182C49428B007E8F87;
			remoteInfo = GeezmoWidgetExtension;
		};
/* End PBXContainerItemProxy section */

/* Begin PBXCopyFilesBuildPhase section */
		CA667A872C4918F2007E8F87 /* Embed Watch Content */ = {
			isa = PBXCopyFilesBuildPhase;
			buildActionMask = 2147483647;
			dstPath = "$(CONTENTS_FOLDER_PATH)/Watch";
			dstSubfolderSpec = 16;
			files = (
				CA667A752C4918F1007E8F87 /* Geezmo Watch App.app in Embed Watch Content */,
			);
			name = "Embed Watch Content";
			runOnlyForDeploymentPostprocessing = 0;
		};
		CA667B2A2C49428C007E8F87 /* Embed Foundation Extensions */ = {
			isa = PBXCopyFilesBuildPhase;
			buildActionMask = 2147483647;
			dstPath = "";
			dstSubfolderSpec = 13;
			files = (
				CA667B262C49428C007E8F87 /* GeezmoWidgetExtension.appex in Embed Foundation Extensions */,
			);
			name = "Embed Foundation Extensions";
			runOnlyForDeploymentPostprocessing = 0;
		};
/* End PBXCopyFilesBuildPhase section */

/* Begin PBXFileReference section */
		CA21441D2C60BFCA00D3931A /* DeviceDiscoveryNavigationContext.swift */ = {isa = PBXFileReference; lastKnownFileType = sourcecode.swift; path = DeviceDiscoveryNavigationContext.swift; sourceTree = "<group>"; };
		CA33563A2C4A186000B55DB3 /* Info.plist */ = {isa = PBXFileReference; lastKnownFileType = text.plist.xml; path = Info.plist; sourceTree = "<group>"; };
		CA409B992C61EBBE00888518 /* String+.swift */ = {isa = PBXFileReference; lastKnownFileType = sourcecode.swift; path = "String+.swift"; sourceTree = "<group>"; };
		CA409B9B2C61EC3C00888518 /* WakeOnLANService.swift */ = {isa = PBXFileReference; lastKnownFileType = sourcecode.swift; path = WakeOnLANService.swift; sourceTree = "<group>"; };
		CA510F8F2C70926600FC3800 /* AppsView.swift */ = {isa = PBXFileReference; lastKnownFileType = sourcecode.swift; path = AppsView.swift; sourceTree = "<group>"; };
		CA510F912C70B5B200FC3800 /* SingleAppView.swift */ = {isa = PBXFileReference; lastKnownFileType = sourcecode.swift; path = SingleAppView.swift; sourceTree = "<group>"; };
		CA6116672C68BA2900AD5BCF /* PopupView.swift */ = {isa = PBXFileReference; lastKnownFileType = sourcecode.swift; path = PopupView.swift; sourceTree = "<group>"; };
		CA6116692C68D5E600AD5BCF /* LargeTipView.swift */ = {isa = PBXFileReference; lastKnownFileType = sourcecode.swift; path = LargeTipView.swift; sourceTree = "<group>"; };
		CA61166B2C68D9F100AD5BCF /* UIDevice+.swift */ = {isa = PBXFileReference; lastKnownFileType = sourcecode.swift; path = "UIDevice+.swift"; sourceTree = "<group>"; };
		CA667A642C4918F1007E8F87 /* Geezmo.app */ = {isa = PBXFileReference; explicitFileType = wrapper.application; includeInIndex = 0; path = Geezmo.app; sourceTree = BUILT_PRODUCTS_DIR; };
		CA667A672C4918F1007E8F87 /* GeezmoApp.swift */ = {isa = PBXFileReference; lastKnownFileType = sourcecode.swift; path = GeezmoApp.swift; sourceTree = "<group>"; };
		CA667A6B2C4918F1007E8F87 /* Assets.xcassets */ = {isa = PBXFileReference; lastKnownFileType = folder.assetcatalog; path = Assets.xcassets; sourceTree = "<group>"; };
		CA667A6E2C4918F1007E8F87 /* Preview Assets.xcassets */ = {isa = PBXFileReference; lastKnownFileType = folder.assetcatalog; path = "Preview Assets.xcassets"; sourceTree = "<group>"; };
		CA667A742C4918F1007E8F87 /* Geezmo Watch App.app */ = {isa = PBXFileReference; explicitFileType = wrapper.application; includeInIndex = 0; path = "Geezmo Watch App.app"; sourceTree = BUILT_PRODUCTS_DIR; };
		CA667A792C4918F1007E8F87 /* GeezmoWatchApp.swift */ = {isa = PBXFileReference; lastKnownFileType = sourcecode.swift; path = GeezmoWatchApp.swift; sourceTree = "<group>"; };
		CA667A7D2C4918F2007E8F87 /* Assets.xcassets */ = {isa = PBXFileReference; lastKnownFileType = folder.assetcatalog; path = Assets.xcassets; sourceTree = "<group>"; };
		CA667A802C4918F2007E8F87 /* Preview Assets.xcassets */ = {isa = PBXFileReference; lastKnownFileType = folder.assetcatalog; path = "Preview Assets.xcassets"; sourceTree = "<group>"; };
		CA667A8B2C492101007E8F87 /* MainView.swift */ = {isa = PBXFileReference; lastKnownFileType = sourcecode.swift; path = MainView.swift; sourceTree = "<group>"; };
		CA667A8E2C49215F007E8F87 /* PreferencesView.swift */ = {isa = PBXFileReference; lastKnownFileType = sourcecode.swift; path = PreferencesView.swift; sourceTree = "<group>"; };
		CA667A902C49218E007E8F87 /* DeviceDiscoveryView.swift */ = {isa = PBXFileReference; lastKnownFileType = sourcecode.swift; path = DeviceDiscoveryView.swift; sourceTree = "<group>"; };
		CA667A9E2C4921F9007E8F87 /* AboutView.swift */ = {isa = PBXFileReference; lastKnownFileType = sourcecode.swift; path = AboutView.swift; sourceTree = "<group>"; };
		CA667AA02C492223007E8F87 /* TipView.swift */ = {isa = PBXFileReference; lastKnownFileType = sourcecode.swift; path = TipView.swift; sourceTree = "<group>"; };
		CA667AA22C49223F007E8F87 /* FAQView.swift */ = {isa = PBXFileReference; lastKnownFileType = sourcecode.swift; path = FAQView.swift; sourceTree = "<group>"; };
		CA667AA42C492265007E8F87 /* ToastConfiguration.swift */ = {isa = PBXFileReference; lastKnownFileType = sourcecode.swift; path = ToastConfiguration.swift; sourceTree = "<group>"; };
		CA667AA62C49227E007E8F87 /* ToastSheetView.swift */ = {isa = PBXFileReference; lastKnownFileType = sourcecode.swift; path = ToastSheetView.swift; sourceTree = "<group>"; };
		CA667AA82C4922D9007E8F87 /* KeyboardView.swift */ = {isa = PBXFileReference; lastKnownFileType = sourcecode.swift; path = KeyboardView.swift; sourceTree = "<group>"; };
		CA667AAA2C492315007E8F87 /* KeyButtonGroup.swift */ = {isa = PBXFileReference; lastKnownFileType = sourcecode.swift; path = KeyButtonGroup.swift; sourceTree = "<group>"; };
		CA667AAD2C49233A007E8F87 /* KeyButtonRow.swift */ = {isa = PBXFileReference; lastKnownFileType = sourcecode.swift; path = KeyButtonRow.swift; sourceTree = "<group>"; };
		CA667AB12C4923D6007E8F87 /* KeyButton.swift */ = {isa = PBXFileReference; lastKnownFileType = sourcecode.swift; path = KeyButton.swift; sourceTree = "<group>"; };
		CA667AB32C492CF0007E8F87 /* ButtonGroupDefaultView.swift */ = {isa = PBXFileReference; lastKnownFileType = sourcecode.swift; path = ButtonGroupDefaultView.swift; sourceTree = "<group>"; };
		CA667AB62C492D86007E8F87 /* ButtonGroupDefaultAlternativeView.swift */ = {isa = PBXFileReference; lastKnownFileType = sourcecode.swift; path = ButtonGroupDefaultAlternativeView.swift; sourceTree = "<group>"; };
		CA667AB82C492DCF007E8F87 /* ButtonGroupColorView.swift */ = {isa = PBXFileReference; lastKnownFileType = sourcecode.swift; path = ButtonGroupColorView.swift; sourceTree = "<group>"; };
		CA667ABA2C492E3A007E8F87 /* ButtonGroupColorAlternativeView.swift */ = {isa = PBXFileReference; lastKnownFileType = sourcecode.swift; path = ButtonGroupColorAlternativeView.swift; sourceTree = "<group>"; };
		CA667ABC2C492E94007E8F87 /* MainViewModel.swift */ = {isa = PBXFileReference; lastKnownFileType = sourcecode.swift; path = MainViewModel.swift; sourceTree = "<group>"; };
		CA667ABF2C492EBB007E8F87 /* MainViewModel+.swift */ = {isa = PBXFileReference; lastKnownFileType = sourcecode.swift; path = "MainViewModel+.swift"; sourceTree = "<group>"; };
		CA667AC12C492EDF007E8F87 /* WebOSClientDelegate.swift */ = {isa = PBXFileReference; lastKnownFileType = sourcecode.swift; path = WebOSClientDelegate.swift; sourceTree = "<group>"; };
		CA667AC32C492F04007E8F87 /* WCSessionDelegate.swift */ = {isa = PBXFileReference; lastKnownFileType = sourcecode.swift; path = WCSessionDelegate.swift; sourceTree = "<group>"; };
		CA667AC52C492F2B007E8F87 /* SSDPDiscoveryDelegate.swift */ = {isa = PBXFileReference; lastKnownFileType = sourcecode.swift; path = SSDPDiscoveryDelegate.swift; sourceTree = "<group>"; };
		CA667AC72C492F5C007E8F87 /* UINavigationController+.swift */ = {isa = PBXFileReference; lastKnownFileType = sourcecode.swift; path = "UINavigationController+.swift"; sourceTree = "<group>"; };
		CA667ACA2C492F8A007E8F87 /* Strings.swift */ = {isa = PBXFileReference; lastKnownFileType = sourcecode.swift; path = Strings.swift; sourceTree = "<group>"; };
		CA667ACD2C492FD3007E8F87 /* KeyButtonType.swift */ = {isa = PBXFileReference; lastKnownFileType = sourcecode.swift; path = KeyButtonType.swift; sourceTree = "<group>"; };
		CA667AD02C49300D007E8F87 /* DeviceData.swift */ = {isa = PBXFileReference; lastKnownFileType = sourcecode.swift; path = DeviceData.swift; sourceTree = "<group>"; };
		CA667AD22C493021007E8F87 /* NavigationScreens.swift */ = {isa = PBXFileReference; lastKnownFileType = sourcecode.swift; path = NavigationScreens.swift; sourceTree = "<group>"; };
		CA667AD42C49303C007E8F87 /* ToastType.swift */ = {isa = PBXFileReference; lastKnownFileType = sourcecode.swift; path = ToastType.swift; sourceTree = "<group>"; };
		CA667AD62C493088007E8F87 /* AppSettings.swift */ = {isa = PBXFileReference; lastKnownFileType = sourcecode.swift; path = AppSettings.swift; sourceTree = "<group>"; };
		CA667ADA2C4930B3007E8F87 /* BundleExtensions.swift */ = {isa = PBXFileReference; lastKnownFileType = sourcecode.swift; path = BundleExtensions.swift; sourceTree = "<group>"; };
		CA667ADE2C4930D8007E8F87 /* StringExtensions.swift */ = {isa = PBXFileReference; lastKnownFileType = sourcecode.swift; path = StringExtensions.swift; sourceTree = "<group>"; };
		CA667AE12C49310E007E8F87 /* Globals.swift */ = {isa = PBXFileReference; lastKnownFileType = sourcecode.swift; path = Globals.swift; sourceTree = "<group>"; };
		CA667AE92C493548007E8F87 /* KeyButtonType.swift */ = {isa = PBXFileReference; lastKnownFileType = sourcecode.swift; path = KeyButtonType.swift; sourceTree = "<group>"; };
		CA667AEC2C493576007E8F87 /* Strings.swift */ = {isa = PBXFileReference; lastKnownFileType = sourcecode.swift; path = Strings.swift; sourceTree = "<group>"; };
		CA667AEF2C49359F007E8F87 /* Globals.swift */ = {isa = PBXFileReference; lastKnownFileType = sourcecode.swift; path = Globals.swift; sourceTree = "<group>"; };
		CA667AF22C4935D4007E8F87 /* MainTabView.swift */ = {isa = PBXFileReference; lastKnownFileType = sourcecode.swift; path = MainTabView.swift; sourceTree = "<group>"; };
		CA667AF52C49361C007E8F87 /* NavigationView.swift */ = {isa = PBXFileReference; lastKnownFileType = sourcecode.swift; path = NavigationView.swift; sourceTree = "<group>"; };
		CA667AF72C493655007E8F87 /* PlaybackView.swift */ = {isa = PBXFileReference; lastKnownFileType = sourcecode.swift; path = PlaybackView.swift; sourceTree = "<group>"; };
		CA667AF92C493696007E8F87 /* PreferencesView.swift */ = {isa = PBXFileReference; lastKnownFileType = sourcecode.swift; path = PreferencesView.swift; sourceTree = "<group>"; };
		CA667AFB2C4936CB007E8F87 /* VolumeView.swift */ = {isa = PBXFileReference; lastKnownFileType = sourcecode.swift; path = VolumeView.swift; sourceTree = "<group>"; };
		CA667AFD2C49370E007E8F87 /* KeyButton.swift */ = {isa = PBXFileReference; lastKnownFileType = sourcecode.swift; path = KeyButton.swift; sourceTree = "<group>"; };
		CA667B002C4937B7007E8F87 /* KeyButtonRow.swift */ = {isa = PBXFileReference; lastKnownFileType = sourcecode.swift; path = KeyButtonRow.swift; sourceTree = "<group>"; };
		CA667B022C4937E2007E8F87 /* KeyButtonGroup.swift */ = {isa = PBXFileReference; lastKnownFileType = sourcecode.swift; path = KeyButtonGroup.swift; sourceTree = "<group>"; };
		CA667B042C49383C007E8F87 /* NavigationDefaultView.swift */ = {isa = PBXFileReference; lastKnownFileType = sourcecode.swift; path = NavigationDefaultView.swift; sourceTree = "<group>"; };
		CA667B072C49388F007E8F87 /* NavigationAlternativeView.swift */ = {isa = PBXFileReference; lastKnownFileType = sourcecode.swift; path = NavigationAlternativeView.swift; sourceTree = "<group>"; };
		CA667B092C4938EC007E8F87 /* PlaybackDefaultView.swift */ = {isa = PBXFileReference; lastKnownFileType = sourcecode.swift; path = PlaybackDefaultView.swift; sourceTree = "<group>"; };
		CA667B0B2C493925007E8F87 /* PlaybackAlternativeView.swift */ = {isa = PBXFileReference; lastKnownFileType = sourcecode.swift; path = PlaybackAlternativeView.swift; sourceTree = "<group>"; };
		CA667B0D2C493963007E8F87 /* MainViewModel.swift */ = {isa = PBXFileReference; lastKnownFileType = sourcecode.swift; path = MainViewModel.swift; sourceTree = "<group>"; };
		CA667B112C49403F007E8F87 /* en */ = {isa = PBXFileReference; lastKnownFileType = text.plist.strings; name = en; path = en.lproj/Localizable.strings; sourceTree = "<group>"; };
		CA667B132C494045007E8F87 /* kk */ = {isa = PBXFileReference; lastKnownFileType = text.plist.strings; name = kk; path = kk.lproj/Localizable.strings; sourceTree = "<group>"; };
		CA667B142C494045007E8F87 /* ru */ = {isa = PBXFileReference; lastKnownFileType = text.plist.strings; name = ru; path = ru.lproj/Localizable.strings; sourceTree = "<group>"; };
		CA667B192C49428B007E8F87 /* GeezmoWidgetExtension.appex */ = {isa = PBXFileReference; explicitFileType = "wrapper.app-extension"; includeInIndex = 0; path = GeezmoWidgetExtension.appex; sourceTree = BUILT_PRODUCTS_DIR; };
		CA667B1A2C49428B007E8F87 /* WidgetKit.framework */ = {isa = PBXFileReference; lastKnownFileType = wrapper.framework; name = WidgetKit.framework; path = System/Library/Frameworks/WidgetKit.framework; sourceTree = SDKROOT; };
		CA667B1C2C49428B007E8F87 /* SwiftUI.framework */ = {isa = PBXFileReference; lastKnownFileType = wrapper.framework; name = SwiftUI.framework; path = System/Library/Frameworks/SwiftUI.framework; sourceTree = SDKROOT; };
		CA667B1F2C49428B007E8F87 /* GeezmoWidget.swift */ = {isa = PBXFileReference; lastKnownFileType = sourcecode.swift; path = GeezmoWidget.swift; sourceTree = "<group>"; };
		CA667B212C49428C007E8F87 /* Assets.xcassets */ = {isa = PBXFileReference; lastKnownFileType = folder.assetcatalog; path = Assets.xcassets; sourceTree = "<group>"; };
		CA667B232C49428C007E8F87 /* Info.plist */ = {isa = PBXFileReference; lastKnownFileType = text.plist.xml; path = Info.plist; sourceTree = "<group>"; };
		CA7C9AA02C58BCA0007C8045 /* PinPadView.swift */ = {isa = PBXFileReference; lastKnownFileType = sourcecode.swift; path = PinPadView.swift; sourceTree = "<group>"; };
		CA8B526C2C59406800A9BA2B /* Geezmo.entitlements */ = {isa = PBXFileReference; lastKnownFileType = text.plist.entitlements; path = Geezmo.entitlements; sourceTree = "<group>"; };
		CA9302B42C7F27B900AAEBEB /* GoogleService-Info.plist */ = {isa = PBXFileReference; fileEncoding = 4; lastKnownFileType = text.plist.xml; path = "GoogleService-Info.plist"; sourceTree = "<group>"; };
		CA9302B82C803A8100AAEBEB /* AnalyticsEvents.swift */ = {isa = PBXFileReference; lastKnownFileType = sourcecode.swift; path = AnalyticsEvents.swift; sourceTree = "<group>"; };
		CA97AE562C5F5326006917B1 /* LocalNetworkAuthorization.swift */ = {isa = PBXFileReference; lastKnownFileType = sourcecode.swift; path = LocalNetworkAuthorization.swift; sourceTree = "<group>"; };
		CA97AE582C5FA91A006917B1 /* AlertConfiguration.swift */ = {isa = PBXFileReference; lastKnownFileType = sourcecode.swift; path = AlertConfiguration.swift; sourceTree = "<group>"; };
		CAE576A72C78ADB800DE9A82 /* en */ = {isa = PBXFileReference; lastKnownFileType = text.plist.strings; name = en; path = en.lproj/Localizable.strings; sourceTree = "<group>"; };
		CAE576A92C78ADBB00DE9A82 /* kk */ = {isa = PBXFileReference; lastKnownFileType = text.plist.strings; name = kk; path = kk.lproj/Localizable.strings; sourceTree = "<group>"; };
		CAE576AA2C78ADBF00DE9A82 /* ru */ = {isa = PBXFileReference; lastKnownFileType = text.plist.strings; name = ru; path = ru.lproj/Localizable.strings; sourceTree = "<group>"; };
/* End PBXFileReference section */

/* Begin PBXFrameworksBuildPhase section */
		CA667A612C4918F1007E8F87 /* Frameworks */ = {
			isa = PBXFrameworksBuildPhase;
			buildActionMask = 2147483647;
			files = (
				CA9302B12C7F270100AAEBEB /* FirebaseAnalytics in Frameworks */,
				CA667A972C4921C5007E8F87 /* ActivityIndicatorView in Frameworks */,
				CA667A9A2C4921CF007E8F87 /* Foil in Frameworks */,
				CA79FC3D2C57EBD500B357F1 /* WebOSClient in Frameworks */,
				CA8C4FA12C5CD7F6004154E9 /* SSDPClient in Frameworks */,
				CA9302B32C7F270100AAEBEB /* FirebaseCrashlytics in Frameworks */,
				CA8C4F9B2C5CD581004154E9 /* SSDPClient in Frameworks */,
				CA8C4F9E2C5CD657004154E9 /* SSDPClient in Frameworks */,
			);
			runOnlyForDeploymentPostprocessing = 0;
		};
		CA667A712C4918F1007E8F87 /* Frameworks */ = {
			isa = PBXFrameworksBuildPhase;
			buildActionMask = 2147483647;
			files = (
				CA79FC3F2C58068400B357F1 /* WebOSClient in Frameworks */,
				CA667AE62C493155007E8F87 /* Foil in Frameworks */,
			);
			runOnlyForDeploymentPostprocessing = 0;
		};
		CA667B162C49428B007E8F87 /* Frameworks */ = {
			isa = PBXFrameworksBuildPhase;
			buildActionMask = 2147483647;
			files = (
				CA667B1D2C49428B007E8F87 /* SwiftUI.framework in Frameworks */,
				CA667B1B2C49428B007E8F87 /* WidgetKit.framework in Frameworks */,
			);
			runOnlyForDeploymentPostprocessing = 0;
		};
/* End PBXFrameworksBuildPhase section */

/* Begin PBXGroup section */
		CA667A5B2C4918F1007E8F87 = {
			isa = PBXGroup;
			children = (
				CA667AD92C493090007E8F87 /* Shared */,
				CA667A662C4918F1007E8F87 /* Geezmo */,
				CA667A782C4918F1007E8F87 /* Geezmo Watch App */,
				CA667B1E2C49428B007E8F87 /* GeezmoWidget */,
				CA667A652C4918F1007E8F87 /* Products */,
				CA667AE42C493155007E8F87 /* Frameworks */,
			);
			sourceTree = "<group>";
		};
		CA667A652C4918F1007E8F87 /* Products */ = {
			isa = PBXGroup;
			children = (
				CA667A642C4918F1007E8F87 /* Geezmo.app */,
				CA667A742C4918F1007E8F87 /* Geezmo Watch App.app */,
				CA667B192C49428B007E8F87 /* GeezmoWidgetExtension.appex */,
			);
			name = Products;
			sourceTree = "<group>";
		};
		CA667A662C4918F1007E8F87 /* Geezmo */ = {
			isa = PBXGroup;
			children = (
				CA8B526C2C59406800A9BA2B /* Geezmo.entitlements */,
				CA33563A2C4A186000B55DB3 /* Info.plist */,
				CA9302B42C7F27B900AAEBEB /* GoogleService-Info.plist */,
				CA667A672C4918F1007E8F87 /* GeezmoApp.swift */,
				CA667A8D2C49211F007E8F87 /* Views */,
				CA667ABE2C492E99007E8F87 /* ViewModels */,
				CAA1FDFB2C61F858001A966F /* Services */,
				CA667AE32C49311B007E8F87 /* Globals */,
				CA667ACF2C492FD7007E8F87 /* Types */,
				CA667ACC2C492F93007E8F87 /* Resources */,
				CA667AC92C492F68007E8F87 /* Extensions */,
				CA667A6B2C4918F1007E8F87 /* Assets.xcassets */,
				CA667A6D2C4918F1007E8F87 /* Preview Content */,
			);
			path = Geezmo;
			sourceTree = "<group>";
		};
		CA667A6D2C4918F1007E8F87 /* Preview Content */ = {
			isa = PBXGroup;
			children = (
				CA667A6E2C4918F1007E8F87 /* Preview Assets.xcassets */,
			);
			path = "Preview Content";
			sourceTree = "<group>";
		};
		CA667A782C4918F1007E8F87 /* Geezmo Watch App */ = {
			isa = PBXGroup;
			children = (
				CA667A792C4918F1007E8F87 /* GeezmoWatchApp.swift */,
				CA667AF42C4935FB007E8F87 /* Views */,
				CA667B0F2C49397C007E8F87 /* ViewModels */,
				CA667AF12C4935AF007E8F87 /* Globals */,
				CA667AEB2C49355F007E8F87 /* Types */,
				CA667AEE2C49357C007E8F87 /* Resources */,
				CA667A7D2C4918F2007E8F87 /* Assets.xcassets */,
				CA667A7F2C4918F2007E8F87 /* Preview Content */,
			);
			path = "Geezmo Watch App";
			sourceTree = "<group>";
		};
		CA667A7F2C4918F2007E8F87 /* Preview Content */ = {
			isa = PBXGroup;
			children = (
				CA667A802C4918F2007E8F87 /* Preview Assets.xcassets */,
			);
			path = "Preview Content";
			sourceTree = "<group>";
		};
		CA667A8D2C49211F007E8F87 /* Views */ = {
			isa = PBXGroup;
			children = (
				CA667AAC2C492323007E8F87 /* HelperViews */,
				CA667AB52C492CF4007E8F87 /* ButtonGroupViews */,
				CA667A8B2C492101007E8F87 /* MainView.swift */,
				CA667A8E2C49215F007E8F87 /* PreferencesView.swift */,
				CA510F8F2C70926600FC3800 /* AppsView.swift */,
				CA510F912C70B5B200FC3800 /* SingleAppView.swift */,
				CA667A902C49218E007E8F87 /* DeviceDiscoveryView.swift */,
				CA667A9E2C4921F9007E8F87 /* AboutView.swift */,
				CA667AA02C492223007E8F87 /* TipView.swift */,
				CA6116692C68D5E600AD5BCF /* LargeTipView.swift */,
				CA667AA22C49223F007E8F87 /* FAQView.swift */,
				CA667AA42C492265007E8F87 /* ToastConfiguration.swift */,
				CA97AE582C5FA91A006917B1 /* AlertConfiguration.swift */,
				CA667AA62C49227E007E8F87 /* ToastSheetView.swift */,
				CA6116672C68BA2900AD5BCF /* PopupView.swift */,
				CA667AA82C4922D9007E8F87 /* KeyboardView.swift */,
				CA7C9AA02C58BCA0007C8045 /* PinPadView.swift */,
			);
			path = Views;
			sourceTree = "<group>";
		};
		CA667AAC2C492323007E8F87 /* HelperViews */ = {
			isa = PBXGroup;
			children = (
				CA667AB12C4923D6007E8F87 /* KeyButton.swift */,
				CA667AAD2C49233A007E8F87 /* KeyButtonRow.swift */,
				CA667AAA2C492315007E8F87 /* KeyButtonGroup.swift */,
			);
			path = HelperViews;
			sourceTree = "<group>";
		};
		CA667AB52C492CF4007E8F87 /* ButtonGroupViews */ = {
			isa = PBXGroup;
			children = (
				CA667AB32C492CF0007E8F87 /* ButtonGroupDefaultView.swift */,
				CA667AB62C492D86007E8F87 /* ButtonGroupDefaultAlternativeView.swift */,
				CA667AB82C492DCF007E8F87 /* ButtonGroupColorView.swift */,
				CA667ABA2C492E3A007E8F87 /* ButtonGroupColorAlternativeView.swift */,
			);
			path = ButtonGroupViews;
			sourceTree = "<group>";
		};
		CA667ABE2C492E99007E8F87 /* ViewModels */ = {
			isa = PBXGroup;
			children = (
				CA667ABC2C492E94007E8F87 /* MainViewModel.swift */,
				CA667ABF2C492EBB007E8F87 /* MainViewModel+.swift */,
				CA667AC12C492EDF007E8F87 /* WebOSClientDelegate.swift */,
				CA667AC32C492F04007E8F87 /* WCSessionDelegate.swift */,
				CA667AC52C492F2B007E8F87 /* SSDPDiscoveryDelegate.swift */,
			);
			path = ViewModels;
			sourceTree = "<group>";
		};
		CA667AC92C492F68007E8F87 /* Extensions */ = {
			isa = PBXGroup;
			children = (
				CA667AC72C492F5C007E8F87 /* UINavigationController+.swift */,
				CA409B992C61EBBE00888518 /* String+.swift */,
				CA61166B2C68D9F100AD5BCF /* UIDevice+.swift */,
			);
			path = Extensions;
			sourceTree = "<group>";
		};
		CA667ACC2C492F93007E8F87 /* Resources */ = {
			isa = PBXGroup;
			children = (
				CA667ACA2C492F8A007E8F87 /* Strings.swift */,
				CAE576A62C78ADB800DE9A82 /* Localizable.strings */,
			);
			path = Resources;
			sourceTree = "<group>";
		};
		CA667ACF2C492FD7007E8F87 /* Types */ = {
			isa = PBXGroup;
			children = (
				CA21441D2C60BFCA00D3931A /* DeviceDiscoveryNavigationContext.swift */,
				CA9302B82C803A8100AAEBEB /* AnalyticsEvents.swift */,
				CA667ACD2C492FD3007E8F87 /* KeyButtonType.swift */,
				CA667AD02C49300D007E8F87 /* DeviceData.swift */,
				CA667AD22C493021007E8F87 /* NavigationScreens.swift */,
				CA667AD42C49303C007E8F87 /* ToastType.swift */,
			);
			path = Types;
			sourceTree = "<group>";
		};
		CA667AD92C493090007E8F87 /* Shared */ = {
			isa = PBXGroup;
			children = (
				CA667ADC2C4930BF007E8F87 /* Extensions */,
				CA667AD62C493088007E8F87 /* AppSettings.swift */,
			);
			path = Shared;
			sourceTree = "<group>";
		};
		CA667ADC2C4930BF007E8F87 /* Extensions */ = {
			isa = PBXGroup;
			children = (
				CA667ADA2C4930B3007E8F87 /* BundleExtensions.swift */,
				CA667ADE2C4930D8007E8F87 /* StringExtensions.swift */,
			);
			path = Extensions;
			sourceTree = "<group>";
		};
		CA667AE32C49311B007E8F87 /* Globals */ = {
			isa = PBXGroup;
			children = (
				CA667AE12C49310E007E8F87 /* Globals.swift */,
			);
			path = Globals;
			sourceTree = "<group>";
		};
		CA667AE42C493155007E8F87 /* Frameworks */ = {
			isa = PBXGroup;
			children = (
				CA667B1A2C49428B007E8F87 /* WidgetKit.framework */,
				CA667B1C2C49428B007E8F87 /* SwiftUI.framework */,
			);
			name = Frameworks;
			sourceTree = "<group>";
		};
		CA667AEB2C49355F007E8F87 /* Types */ = {
			isa = PBXGroup;
			children = (
				CA667AE92C493548007E8F87 /* KeyButtonType.swift */,
			);
			path = Types;
			sourceTree = "<group>";
		};
		CA667AEE2C49357C007E8F87 /* Resources */ = {
			isa = PBXGroup;
			children = (
				CA667AEC2C493576007E8F87 /* Strings.swift */,
				CA667B102C49403F007E8F87 /* Localizable.strings */,
			);
			path = Resources;
			sourceTree = "<group>";
		};
		CA667AF12C4935AF007E8F87 /* Globals */ = {
			isa = PBXGroup;
			children = (
				CA667AEF2C49359F007E8F87 /* Globals.swift */,
			);
			path = Globals;
			sourceTree = "<group>";
		};
		CA667AF42C4935FB007E8F87 /* Views */ = {
			isa = PBXGroup;
			children = (
				CA667AFF2C49379D007E8F87 /* HelperViews */,
				CA667B062C49383F007E8F87 /* ButtonGroupViews */,
				CA667AF22C4935D4007E8F87 /* MainTabView.swift */,
				CA667AF52C49361C007E8F87 /* NavigationView.swift */,
				CA667AF72C493655007E8F87 /* PlaybackView.swift */,
				CA667AF92C493696007E8F87 /* PreferencesView.swift */,
				CA667AFB2C4936CB007E8F87 /* VolumeView.swift */,
			);
			path = Views;
			sourceTree = "<group>";
		};
		CA667AFF2C49379D007E8F87 /* HelperViews */ = {
			isa = PBXGroup;
			children = (
				CA667AFD2C49370E007E8F87 /* KeyButton.swift */,
				CA667B002C4937B7007E8F87 /* KeyButtonRow.swift */,
				CA667B022C4937E2007E8F87 /* KeyButtonGroup.swift */,
			);
			path = HelperViews;
			sourceTree = "<group>";
		};
		CA667B062C49383F007E8F87 /* ButtonGroupViews */ = {
			isa = PBXGroup;
			children = (
				CA667B042C49383C007E8F87 /* NavigationDefaultView.swift */,
				CA667B072C49388F007E8F87 /* NavigationAlternativeView.swift */,
				CA667B092C4938EC007E8F87 /* PlaybackDefaultView.swift */,
				CA667B0B2C493925007E8F87 /* PlaybackAlternativeView.swift */,
			);
			path = ButtonGroupViews;
			sourceTree = "<group>";
		};
		CA667B0F2C49397C007E8F87 /* ViewModels */ = {
			isa = PBXGroup;
			children = (
				CA667B0D2C493963007E8F87 /* MainViewModel.swift */,
			);
			path = ViewModels;
			sourceTree = "<group>";
		};
		CA667B1E2C49428B007E8F87 /* GeezmoWidget */ = {
			isa = PBXGroup;
			children = (
				CA667B1F2C49428B007E8F87 /* GeezmoWidget.swift */,
				CA667B212C49428C007E8F87 /* Assets.xcassets */,
				CA667B232C49428C007E8F87 /* Info.plist */,
			);
			path = GeezmoWidget;
			sourceTree = "<group>";
		};
		CAA1FDFB2C61F858001A966F /* Services */ = {
			isa = PBXGroup;
			children = (
				CA97AE562C5F5326006917B1 /* LocalNetworkAuthorization.swift */,
				CA409B9B2C61EC3C00888518 /* WakeOnLANService.swift */,
			);
			path = Services;
			sourceTree = "<group>";
		};
/* End PBXGroup section */

/* Begin PBXNativeTarget section */
		CA667A632C4918F1007E8F87 /* Geezmo */ = {
			isa = PBXNativeTarget;
			buildConfigurationList = CA667A882C4918F2007E8F87 /* Build configuration list for PBXNativeTarget "Geezmo" */;
			buildPhases = (
				CA667A602C4918F1007E8F87 /* Sources */,
				CA667A612C4918F1007E8F87 /* Frameworks */,
				CA667A622C4918F1007E8F87 /* Resources */,
				CA667A872C4918F2007E8F87 /* Embed Watch Content */,
			);
			buildRules = (
			);
			dependencies = (
				CA667A772C4918F1007E8F87 /* PBXTargetDependency */,
			);
			name = Geezmo;
			packageProductDependencies = (
				CA667A962C4921C5007E8F87 /* ActivityIndicatorView */,
				CA667A992C4921CF007E8F87 /* Foil */,
				CA79FC3C2C57EBD500B357F1 /* WebOSClient */,
				CA8C4F9A2C5CD581004154E9 /* SSDPClient */,
				CA8C4F9D2C5CD657004154E9 /* SSDPClient */,
				CA8C4FA02C5CD7F6004154E9 /* SSDPClient */,
				CA9302B02C7F270100AAEBEB /* FirebaseAnalytics */,
				CA9302B22C7F270100AAEBEB /* FirebaseCrashlytics */,
			);
			productName = Geezmo;
			productReference = CA667A642C4918F1007E8F87 /* Geezmo.app */;
			productType = "com.apple.product-type.application";
		};
		CA667A732C4918F1007E8F87 /* Geezmo Watch App */ = {
			isa = PBXNativeTarget;
			buildConfigurationList = CA667A842C4918F2007E8F87 /* Build configuration list for PBXNativeTarget "Geezmo Watch App" */;
			buildPhases = (
				CA667A702C4918F1007E8F87 /* Sources */,
				CA667A712C4918F1007E8F87 /* Frameworks */,
				CA667A722C4918F1007E8F87 /* Resources */,
				CA667B2A2C49428C007E8F87 /* Embed Foundation Extensions */,
			);
			buildRules = (
			);
			dependencies = (
				CA667B252C49428C007E8F87 /* PBXTargetDependency */,
			);
			name = "Geezmo Watch App";
			packageProductDependencies = (
				CA667AE52C493155007E8F87 /* Foil */,
				CA79FC3E2C58068400B357F1 /* WebOSClient */,
			);
			productName = "Geezmo Watch App";
			productReference = CA667A742C4918F1007E8F87 /* Geezmo Watch App.app */;
			productType = "com.apple.product-type.application";
		};
		CA667B182C49428B007E8F87 /* GeezmoWidgetExtension */ = {
			isa = PBXNativeTarget;
			buildConfigurationList = CA667B272C49428C007E8F87 /* Build configuration list for PBXNativeTarget "GeezmoWidgetExtension" */;
			buildPhases = (
				CA667B152C49428B007E8F87 /* Sources */,
				CA667B162C49428B007E8F87 /* Frameworks */,
				CA667B172C49428B007E8F87 /* Resources */,
			);
			buildRules = (
			);
			dependencies = (
			);
			name = GeezmoWidgetExtension;
			productName = GeezmoWidgetExtension;
			productReference = CA667B192C49428B007E8F87 /* GeezmoWidgetExtension.appex */;
			productType = "com.apple.product-type.app-extension";
		};
/* End PBXNativeTarget section */

/* Begin PBXProject section */
		CA667A5C2C4918F1007E8F87 /* Project object */ = {
			isa = PBXProject;
			attributes = {
				BuildIndependentTargetsInParallel = 1;
				LastSwiftUpdateCheck = 1540;
				LastUpgradeCheck = 1540;
				TargetAttributes = {
					CA667A632C4918F1007E8F87 = {
						CreatedOnToolsVersion = 15.4;
					};
					CA667A732C4918F1007E8F87 = {
						CreatedOnToolsVersion = 15.4;
					};
					CA667B182C49428B007E8F87 = {
						CreatedOnToolsVersion = 15.4;
					};
				};
			};
			buildConfigurationList = CA667A5F2C4918F1007E8F87 /* Build configuration list for PBXProject "Geezmo" */;
			compatibilityVersion = "Xcode 14.0";
			developmentRegion = en;
			hasScannedForEncodings = 0;
			knownRegions = (
				en,
				ru,
				kk,
			);
			mainGroup = CA667A5B2C4918F1007E8F87;
			packageReferences = (
				CA667A952C4921C5007E8F87 /* XCRemoteSwiftPackageReference "ActivityIndicatorView" */,
				CA667A982C4921CF007E8F87 /* XCRemoteSwiftPackageReference "Foil" */,
				CA79FC3B2C57EBD500B357F1 /* XCRemoteSwiftPackageReference "WebOSClient" */,
				CA8C4F9F2C5CD7F6004154E9 /* XCLocalSwiftPackageReference "LocalPackages/SSDPClient" */,
				CA9302AF2C7F270100AAEBEB /* XCRemoteSwiftPackageReference "firebase-ios-sdk" */,
			);
			productRefGroup = CA667A652C4918F1007E8F87 /* Products */;
			projectDirPath = "";
			projectRoot = "";
			targets = (
				CA667A632C4918F1007E8F87 /* Geezmo */,
				CA667A732C4918F1007E8F87 /* Geezmo Watch App */,
				CA667B182C49428B007E8F87 /* GeezmoWidgetExtension */,
			);
		};
/* End PBXProject section */

/* Begin PBXResourcesBuildPhase section */
		CA667A622C4918F1007E8F87 /* Resources */ = {
			isa = PBXResourcesBuildPhase;
			buildActionMask = 2147483647;
			files = (
				CA667A6F2C4918F1007E8F87 /* Preview Assets.xcassets in Resources */,
				CA9302B52C7F27B900AAEBEB /* GoogleService-Info.plist in Resources */,
				CAE576A82C78ADB800DE9A82 /* Localizable.strings in Resources */,
				CA667A6C2C4918F1007E8F87 /* Assets.xcassets in Resources */,
			);
			runOnlyForDeploymentPostprocessing = 0;
		};
		CA667A722C4918F1007E8F87 /* Resources */ = {
			isa = PBXResourcesBuildPhase;
			buildActionMask = 2147483647;
			files = (
				CA667A812C4918F2007E8F87 /* Preview Assets.xcassets in Resources */,
				CA9302B62C7F27B900AAEBEB /* GoogleService-Info.plist in Resources */,
				CA667B122C49403F007E8F87 /* Localizable.strings in Resources */,
				CA667A7E2C4918F2007E8F87 /* Assets.xcassets in Resources */,
			);
			runOnlyForDeploymentPostprocessing = 0;
		};
		CA667B172C49428B007E8F87 /* Resources */ = {
			isa = PBXResourcesBuildPhase;
			buildActionMask = 2147483647;
			files = (
				CA667B222C49428C007E8F87 /* Assets.xcassets in Resources */,
				CA9302B72C7F27B900AAEBEB /* GoogleService-Info.plist in Resources */,
			);
			runOnlyForDeploymentPostprocessing = 0;
		};
/* End PBXResourcesBuildPhase section */

/* Begin PBXSourcesBuildPhase section */
		CA667A602C4918F1007E8F87 /* Sources */ = {
			isa = PBXSourcesBuildPhase;
			buildActionMask = 2147483647;
			files = (
				CA667ACE2C492FD3007E8F87 /* KeyButtonType.swift in Sources */,
				CA9302B92C803A8100AAEBEB /* AnalyticsEvents.swift in Sources */,
				CA667AB72C492D86007E8F87 /* ButtonGroupDefaultAlternativeView.swift in Sources */,
				CA667A682C4918F1007E8F87 /* GeezmoApp.swift in Sources */,
				CA667AC82C492F5C007E8F87 /* UINavigationController+.swift in Sources */,
				CA667A8F2C49215F007E8F87 /* PreferencesView.swift in Sources */,
				CA409B9A2C61EBBE00888518 /* String+.swift in Sources */,
				CA409B9C2C61EC3C00888518 /* WakeOnLANService.swift in Sources */,
				CA667AB42C492CF0007E8F87 /* ButtonGroupDefaultView.swift in Sources */,
				CA97AE572C5F5326006917B1 /* LocalNetworkAuthorization.swift in Sources */,
				CA97AE592C5FA91A006917B1 /* AlertConfiguration.swift in Sources */,
				CA510F902C70926600FC3800 /* AppsView.swift in Sources */,
				CA667A8C2C492101007E8F87 /* MainView.swift in Sources */,
				CA667AD52C49303C007E8F87 /* ToastType.swift in Sources */,
				CA6116682C68BA2900AD5BCF /* PopupView.swift in Sources */,
				CA667AA92C4922D9007E8F87 /* KeyboardView.swift in Sources */,
				CA667AD32C493021007E8F87 /* NavigationScreens.swift in Sources */,
				CA667AD72C493088007E8F87 /* AppSettings.swift in Sources */,
				CA61166A2C68D5E600AD5BCF /* LargeTipView.swift in Sources */,
				CA667AC42C492F04007E8F87 /* WCSessionDelegate.swift in Sources */,
				CA667AE22C49310E007E8F87 /* Globals.swift in Sources */,
				CA667AC22C492EDF007E8F87 /* WebOSClientDelegate.swift in Sources */,
				CA667AAB2C492315007E8F87 /* KeyButtonGroup.swift in Sources */,
				CA667ACB2C492F8A007E8F87 /* Strings.swift in Sources */,
				CA667A912C49218E007E8F87 /* DeviceDiscoveryView.swift in Sources */,
				CA667AB92C492DCF007E8F87 /* ButtonGroupColorView.swift in Sources */,
				CA667AC62C492F2B007E8F87 /* SSDPDiscoveryDelegate.swift in Sources */,
				CA667AA32C49223F007E8F87 /* FAQView.swift in Sources */,
				CA667A9F2C4921F9007E8F87 /* AboutView.swift in Sources */,
				CA667ABB2C492E3A007E8F87 /* ButtonGroupColorAlternativeView.swift in Sources */,
				CA667AA52C492265007E8F87 /* ToastConfiguration.swift in Sources */,
				CA61166C2C68D9F100AD5BCF /* UIDevice+.swift in Sources */,
				CA7C9AA12C58BCA0007C8045 /* PinPadView.swift in Sources */,
				CA667AA12C492223007E8F87 /* TipView.swift in Sources */,
				CA667ADF2C4930D8007E8F87 /* StringExtensions.swift in Sources */,
				CA667AAE2C49233A007E8F87 /* KeyButtonRow.swift in Sources */,
				CA667AC02C492EBB007E8F87 /* MainViewModel+.swift in Sources */,
				CA667AB22C4923D6007E8F87 /* KeyButton.swift in Sources */,
				CA667AD12C49300D007E8F87 /* DeviceData.swift in Sources */,
				CA667AA72C49227E007E8F87 /* ToastSheetView.swift in Sources */,
				CA667ABD2C492E94007E8F87 /* MainViewModel.swift in Sources */,
				CA510F922C70B5B200FC3800 /* SingleAppView.swift in Sources */,
				CA667ADB2C4930B3007E8F87 /* BundleExtensions.swift in Sources */,
				CA21441E2C60BFCA00D3931A /* DeviceDiscoveryNavigationContext.swift in Sources */,
			);
			runOnlyForDeploymentPostprocessing = 0;
		};
		CA667A702C4918F1007E8F87 /* Sources */ = {
			isa = PBXSourcesBuildPhase;
			buildActionMask = 2147483647;
			files = (
				CA667A7A2C4918F1007E8F87 /* GeezmoWatchApp.swift in Sources */,
				CA667AF62C49361C007E8F87 /* NavigationView.swift in Sources */,
				CA9302BA2C803A8100AAEBEB /* AnalyticsEvents.swift in Sources */,
				CA667B012C4937B7007E8F87 /* KeyButtonRow.swift in Sources */,
				CA667AE02C4930DB007E8F87 /* StringExtensions.swift in Sources */,
				CA667AF82C493655007E8F87 /* PlaybackView.swift in Sources */,
				CA667B082C49388F007E8F87 /* NavigationAlternativeView.swift in Sources */,
				CA667AD82C49308C007E8F87 /* AppSettings.swift in Sources */,
				CA667B052C49383C007E8F87 /* NavigationDefaultView.swift in Sources */,
				CA667AF32C4935D4007E8F87 /* MainTabView.swift in Sources */,
				CA667ADD2C4930C7007E8F87 /* BundleExtensions.swift in Sources */,
				CA667B0C2C493925007E8F87 /* PlaybackAlternativeView.swift in Sources */,
				CA667AED2C493576007E8F87 /* Strings.swift in Sources */,
				CA667AF02C49359F007E8F87 /* Globals.swift in Sources */,
				CA667AEA2C493548007E8F87 /* KeyButtonType.swift in Sources */,
				CA667B0A2C4938EC007E8F87 /* PlaybackDefaultView.swift in Sources */,
				CA667B0E2C493963007E8F87 /* MainViewModel.swift in Sources */,
				CA667AFC2C4936CB007E8F87 /* VolumeView.swift in Sources */,
				CA667AFE2C49370E007E8F87 /* KeyButton.swift in Sources */,
				CA667B032C4937E2007E8F87 /* KeyButtonGroup.swift in Sources */,
				CA667AFA2C493696007E8F87 /* PreferencesView.swift in Sources */,
			);
			runOnlyForDeploymentPostprocessing = 0;
		};
		CA667B152C49428B007E8F87 /* Sources */ = {
			isa = PBXSourcesBuildPhase;
			buildActionMask = 2147483647;
			files = (
				CA667B202C49428B007E8F87 /* GeezmoWidget.swift in Sources */,
				CA9302BB2C803A8100AAEBEB /* AnalyticsEvents.swift in Sources */,
			);
			runOnlyForDeploymentPostprocessing = 0;
		};
/* End PBXSourcesBuildPhase section */

/* Begin PBXTargetDependency section */
		CA667A772C4918F1007E8F87 /* PBXTargetDependency */ = {
			isa = PBXTargetDependency;
			target = CA667A732C4918F1007E8F87 /* Geezmo Watch App */;
			targetProxy = CA667A762C4918F1007E8F87 /* PBXContainerItemProxy */;
		};
		CA667B252C49428C007E8F87 /* PBXTargetDependency */ = {
			isa = PBXTargetDependency;
			target = CA667B182C49428B007E8F87 /* GeezmoWidgetExtension */;
			targetProxy = CA667B242C49428C007E8F87 /* PBXContainerItemProxy */;
		};
/* End PBXTargetDependency section */

/* Begin PBXVariantGroup section */
		CA667B102C49403F007E8F87 /* Localizable.strings */ = {
			isa = PBXVariantGroup;
			children = (
				CA667B112C49403F007E8F87 /* en */,
				CA667B132C494045007E8F87 /* kk */,
				CA667B142C494045007E8F87 /* ru */,
			);
			name = Localizable.strings;
			sourceTree = "<group>";
		};
		CAE576A62C78ADB800DE9A82 /* Localizable.strings */ = {
			isa = PBXVariantGroup;
			children = (
				CAE576A72C78ADB800DE9A82 /* en */,
				CAE576A92C78ADBB00DE9A82 /* kk */,
				CAE576AA2C78ADBF00DE9A82 /* ru */,
			);
			name = Localizable.strings;
			sourceTree = "<group>";
		};
/* End PBXVariantGroup section */

/* Begin XCBuildConfiguration section */
		CA667A822C4918F2007E8F87 /* Debug */ = {
			isa = XCBuildConfiguration;
			buildSettings = {
				ALWAYS_SEARCH_USER_PATHS = NO;
				ASSETCATALOG_COMPILER_GENERATE_SWIFT_ASSET_SYMBOL_EXTENSIONS = YES;
				CLANG_ANALYZER_NONNULL = YES;
				CLANG_ANALYZER_NUMBER_OBJECT_CONVERSION = YES_AGGRESSIVE;
				CLANG_CXX_LANGUAGE_STANDARD = "gnu++20";
				CLANG_ENABLE_MODULES = YES;
				CLANG_ENABLE_OBJC_ARC = YES;
				CLANG_ENABLE_OBJC_WEAK = YES;
				CLANG_WARN_BLOCK_CAPTURE_AUTORELEASING = YES;
				CLANG_WARN_BOOL_CONVERSION = YES;
				CLANG_WARN_COMMA = YES;
				CLANG_WARN_CONSTANT_CONVERSION = YES;
				CLANG_WARN_DEPRECATED_OBJC_IMPLEMENTATIONS = YES;
				CLANG_WARN_DIRECT_OBJC_ISA_USAGE = YES_ERROR;
				CLANG_WARN_DOCUMENTATION_COMMENTS = YES;
				CLANG_WARN_EMPTY_BODY = YES;
				CLANG_WARN_ENUM_CONVERSION = YES;
				CLANG_WARN_INFINITE_RECURSION = YES;
				CLANG_WARN_INT_CONVERSION = YES;
				CLANG_WARN_NON_LITERAL_NULL_CONVERSION = YES;
				CLANG_WARN_OBJC_IMPLICIT_RETAIN_SELF = YES;
				CLANG_WARN_OBJC_LITERAL_CONVERSION = YES;
				CLANG_WARN_OBJC_ROOT_CLASS = YES_ERROR;
				CLANG_WARN_QUOTED_INCLUDE_IN_FRAMEWORK_HEADER = YES;
				CLANG_WARN_RANGE_LOOP_ANALYSIS = YES;
				CLANG_WARN_STRICT_PROTOTYPES = YES;
				CLANG_WARN_SUSPICIOUS_MOVE = YES;
				CLANG_WARN_UNGUARDED_AVAILABILITY = YES_AGGRESSIVE;
				CLANG_WARN_UNREACHABLE_CODE = YES;
				CLANG_WARN__DUPLICATE_METHOD_MATCH = YES;
				COPY_PHASE_STRIP = NO;
				DEBUG_INFORMATION_FORMAT = dwarf;
				ENABLE_STRICT_OBJC_MSGSEND = YES;
				ENABLE_TESTABILITY = YES;
				ENABLE_USER_SCRIPT_SANDBOXING = YES;
				GCC_C_LANGUAGE_STANDARD = gnu17;
				GCC_DYNAMIC_NO_PIC = NO;
				GCC_NO_COMMON_BLOCKS = YES;
				GCC_OPTIMIZATION_LEVEL = 0;
				GCC_PREPROCESSOR_DEFINITIONS = (
					"DEBUG=1",
					"$(inherited)",
				);
				GCC_WARN_64_TO_32_BIT_CONVERSION = YES;
				GCC_WARN_ABOUT_RETURN_TYPE = YES_ERROR;
				GCC_WARN_UNDECLARED_SELECTOR = YES;
				GCC_WARN_UNINITIALIZED_AUTOS = YES_AGGRESSIVE;
				GCC_WARN_UNUSED_FUNCTION = YES;
				GCC_WARN_UNUSED_VARIABLE = YES;
				IPHONEOS_DEPLOYMENT_TARGET = 17.0;
				LOCALIZATION_PREFERS_STRING_CATALOGS = YES;
				MTL_ENABLE_DEBUG_INFO = INCLUDE_SOURCE;
				MTL_FAST_MATH = YES;
				ONLY_ACTIVE_ARCH = YES;
				SWIFT_ACTIVE_COMPILATION_CONDITIONS = "DEBUG $(inherited)";
				SWIFT_OPTIMIZATION_LEVEL = "-Onone";
				WATCHOS_DEPLOYMENT_TARGET = 10.0;
			};
			name = Debug;
		};
		CA667A832C4918F2007E8F87 /* Release */ = {
			isa = XCBuildConfiguration;
			buildSettings = {
				ALWAYS_SEARCH_USER_PATHS = NO;
				ASSETCATALOG_COMPILER_GENERATE_SWIFT_ASSET_SYMBOL_EXTENSIONS = YES;
				CLANG_ANALYZER_NONNULL = YES;
				CLANG_ANALYZER_NUMBER_OBJECT_CONVERSION = YES_AGGRESSIVE;
				CLANG_CXX_LANGUAGE_STANDARD = "gnu++20";
				CLANG_ENABLE_MODULES = YES;
				CLANG_ENABLE_OBJC_ARC = YES;
				CLANG_ENABLE_OBJC_WEAK = YES;
				CLANG_WARN_BLOCK_CAPTURE_AUTORELEASING = YES;
				CLANG_WARN_BOOL_CONVERSION = YES;
				CLANG_WARN_COMMA = YES;
				CLANG_WARN_CONSTANT_CONVERSION = YES;
				CLANG_WARN_DEPRECATED_OBJC_IMPLEMENTATIONS = YES;
				CLANG_WARN_DIRECT_OBJC_ISA_USAGE = YES_ERROR;
				CLANG_WARN_DOCUMENTATION_COMMENTS = YES;
				CLANG_WARN_EMPTY_BODY = YES;
				CLANG_WARN_ENUM_CONVERSION = YES;
				CLANG_WARN_INFINITE_RECURSION = YES;
				CLANG_WARN_INT_CONVERSION = YES;
				CLANG_WARN_NON_LITERAL_NULL_CONVERSION = YES;
				CLANG_WARN_OBJC_IMPLICIT_RETAIN_SELF = YES;
				CLANG_WARN_OBJC_LITERAL_CONVERSION = YES;
				CLANG_WARN_OBJC_ROOT_CLASS = YES_ERROR;
				CLANG_WARN_QUOTED_INCLUDE_IN_FRAMEWORK_HEADER = YES;
				CLANG_WARN_RANGE_LOOP_ANALYSIS = YES;
				CLANG_WARN_STRICT_PROTOTYPES = YES;
				CLANG_WARN_SUSPICIOUS_MOVE = YES;
				CLANG_WARN_UNGUARDED_AVAILABILITY = YES_AGGRESSIVE;
				CLANG_WARN_UNREACHABLE_CODE = YES;
				CLANG_WARN__DUPLICATE_METHOD_MATCH = YES;
				COPY_PHASE_STRIP = NO;
				DEBUG_INFORMATION_FORMAT = "dwarf-with-dsym";
				ENABLE_NS_ASSERTIONS = NO;
				ENABLE_STRICT_OBJC_MSGSEND = YES;
				ENABLE_USER_SCRIPT_SANDBOXING = YES;
				GCC_C_LANGUAGE_STANDARD = gnu17;
				GCC_NO_COMMON_BLOCKS = YES;
				GCC_WARN_64_TO_32_BIT_CONVERSION = YES;
				GCC_WARN_ABOUT_RETURN_TYPE = YES_ERROR;
				GCC_WARN_UNDECLARED_SELECTOR = YES;
				GCC_WARN_UNINITIALIZED_AUTOS = YES_AGGRESSIVE;
				GCC_WARN_UNUSED_FUNCTION = YES;
				GCC_WARN_UNUSED_VARIABLE = YES;
				IPHONEOS_DEPLOYMENT_TARGET = 17.0;
				LOCALIZATION_PREFERS_STRING_CATALOGS = YES;
				MTL_ENABLE_DEBUG_INFO = NO;
				MTL_FAST_MATH = YES;
				SWIFT_COMPILATION_MODE = wholemodule;
				WATCHOS_DEPLOYMENT_TARGET = 10.0;
			};
			name = Release;
		};
		CA667A852C4918F2007E8F87 /* Debug */ = {
			isa = XCBuildConfiguration;
			buildSettings = {
				ALWAYS_EMBED_SWIFT_STANDARD_LIBRARIES = YES;
				ASSETCATALOG_COMPILER_APPICON_NAME = AppIcon;
				ASSETCATALOG_COMPILER_GLOBAL_ACCENT_COLOR_NAME = AccentColor;
				CODE_SIGN_STYLE = Automatic;
				CURRENT_PROJECT_VERSION = 92;
				DEVELOPMENT_ASSET_PATHS = "\"Geezmo Watch App/Preview Content\"";
				DEVELOPMENT_TEAM = 4NK62H99X6;
				ENABLE_PREVIEWS = YES;
				GENERATE_INFOPLIST_FILE = YES;
				INFOPLIST_KEY_CFBundleDisplayName = Geezmo;
				INFOPLIST_KEY_UISupportedInterfaceOrientations = "UIInterfaceOrientationPortrait UIInterfaceOrientationPortraitUpsideDown";
				INFOPLIST_KEY_WKCompanionAppBundleIdentifier = com.jareksedy.Geezmo;
				LD_RUNPATH_SEARCH_PATHS = (
					"$(inherited)",
					"@executable_path/Frameworks",
				);
				MARKETING_VERSION = 1.0.4;
				PRODUCT_BUNDLE_IDENTIFIER = com.jareksedy.Geezmo.watchkitapp;
				PRODUCT_NAME = "$(TARGET_NAME)";
				SDKROOT = watchos;
				SKIP_INSTALL = YES;
				SWIFT_EMIT_LOC_STRINGS = YES;
				SWIFT_VERSION = 5.0;
				TARGETED_DEVICE_FAMILY = 4;
				WATCHOS_DEPLOYMENT_TARGET = 10.0;
			};
			name = Debug;
		};
		CA667A862C4918F2007E8F87 /* Release */ = {
			isa = XCBuildConfiguration;
			buildSettings = {
				ALWAYS_EMBED_SWIFT_STANDARD_LIBRARIES = YES;
				ASSETCATALOG_COMPILER_APPICON_NAME = AppIcon;
				ASSETCATALOG_COMPILER_GLOBAL_ACCENT_COLOR_NAME = AccentColor;
				CODE_SIGN_STYLE = Automatic;
				CURRENT_PROJECT_VERSION = 92;
				DEVELOPMENT_ASSET_PATHS = "\"Geezmo Watch App/Preview Content\"";
				DEVELOPMENT_TEAM = 4NK62H99X6;
				ENABLE_PREVIEWS = YES;
				GENERATE_INFOPLIST_FILE = YES;
				INFOPLIST_KEY_CFBundleDisplayName = Geezmo;
				INFOPLIST_KEY_UISupportedInterfaceOrientations = "UIInterfaceOrientationPortrait UIInterfaceOrientationPortraitUpsideDown";
				INFOPLIST_KEY_WKCompanionAppBundleIdentifier = com.jareksedy.Geezmo;
				LD_RUNPATH_SEARCH_PATHS = (
					"$(inherited)",
					"@executable_path/Frameworks",
				);
				MARKETING_VERSION = 1.0.4;
				PRODUCT_BUNDLE_IDENTIFIER = com.jareksedy.Geezmo.watchkitapp;
				PRODUCT_NAME = "$(TARGET_NAME)";
				SDKROOT = watchos;
				SKIP_INSTALL = YES;
				SWIFT_EMIT_LOC_STRINGS = YES;
				SWIFT_VERSION = 5.0;
				TARGETED_DEVICE_FAMILY = 4;
				VALIDATE_PRODUCT = YES;
				WATCHOS_DEPLOYMENT_TARGET = 10.0;
			};
			name = Release;
		};
		CA667A892C4918F2007E8F87 /* Debug */ = {
			isa = XCBuildConfiguration;
			buildSettings = {
				ALWAYS_EMBED_SWIFT_STANDARD_LIBRARIES = YES;
				ASSETCATALOG_COMPILER_APPICON_NAME = AppIcon;
				ASSETCATALOG_COMPILER_GLOBAL_ACCENT_COLOR_NAME = AccentColor;
				CODE_SIGN_ENTITLEMENTS = Geezmo/Geezmo.entitlements;
				CODE_SIGN_IDENTITY = "Apple Development";
				CODE_SIGN_STYLE = Automatic;
				CURRENT_PROJECT_VERSION = 92;
				DEVELOPMENT_ASSET_PATHS = "\"Geezmo/Preview Content\"";
				DEVELOPMENT_TEAM = 4NK62H99X6;
				ENABLE_PREVIEWS = YES;
				GENERATE_INFOPLIST_FILE = YES;
				INFOPLIST_FILE = Geezmo/Info.plist;
				INFOPLIST_KEY_CFBundleDisplayName = Geezmo;
				INFOPLIST_KEY_LSApplicationCategoryType = "public.app-category.utilities";
				INFOPLIST_KEY_NSLocalNetworkUsageDescription = "The application needs access to the local network to discover TVs on your network.";
				INFOPLIST_KEY_UIApplicationSceneManifest_Generation = YES;
				INFOPLIST_KEY_UIApplicationSupportsIndirectInputEvents = YES;
				INFOPLIST_KEY_UILaunchScreen_Generation = YES;
				INFOPLIST_KEY_UISupportedInterfaceOrientations = "UIInterfaceOrientationPortrait UIInterfaceOrientationPortraitUpsideDown";
				INFOPLIST_KEY_UISupportedInterfaceOrientations_iPad = "UIInterfaceOrientationLandscapeLeft UIInterfaceOrientationLandscapeRight UIInterfaceOrientationPortrait UIInterfaceOrientationPortraitUpsideDown";
				IPHONEOS_DEPLOYMENT_TARGET = 17.0;
				LD_RUNPATH_SEARCH_PATHS = (
					"$(inherited)",
					"@executable_path/Frameworks",
				);
				MARKETING_VERSION = 1.0.4;
				PRODUCT_BUNDLE_IDENTIFIER = com.jareksedy.Geezmo;
				PRODUCT_NAME = "$(TARGET_NAME)";
				PROVISIONING_PROFILE_SPECIFIER = "";
				SDKROOT = iphoneos;
				SWIFT_EMIT_LOC_STRINGS = YES;
				SWIFT_VERSION = 5.0;
				TARGETED_DEVICE_FAMILY = "1,2";
			};
			name = Debug;
		};
		CA667A8A2C4918F2007E8F87 /* Release */ = {
			isa = XCBuildConfiguration;
			buildSettings = {
				ALWAYS_EMBED_SWIFT_STANDARD_LIBRARIES = YES;
				ASSETCATALOG_COMPILER_APPICON_NAME = AppIcon;
				ASSETCATALOG_COMPILER_GLOBAL_ACCENT_COLOR_NAME = AccentColor;
				CODE_SIGN_ENTITLEMENTS = Geezmo/Geezmo.entitlements;
				CODE_SIGN_IDENTITY = "Apple Development";
				CODE_SIGN_STYLE = Automatic;
				CURRENT_PROJECT_VERSION = 92;
				DEVELOPMENT_ASSET_PATHS = "\"Geezmo/Preview Content\"";
				DEVELOPMENT_TEAM = 4NK62H99X6;
				ENABLE_PREVIEWS = YES;
				GENERATE_INFOPLIST_FILE = YES;
				INFOPLIST_FILE = Geezmo/Info.plist;
				INFOPLIST_KEY_CFBundleDisplayName = Geezmo;
				INFOPLIST_KEY_LSApplicationCategoryType = "public.app-category.utilities";
				INFOPLIST_KEY_NSLocalNetworkUsageDescription = "The application needs access to the local network to discover TVs on your network.";
				INFOPLIST_KEY_UIApplicationSceneManifest_Generation = YES;
				INFOPLIST_KEY_UIApplicationSupportsIndirectInputEvents = YES;
				INFOPLIST_KEY_UILaunchScreen_Generation = YES;
				INFOPLIST_KEY_UISupportedInterfaceOrientations = "UIInterfaceOrientationPortrait UIInterfaceOrientationPortraitUpsideDown";
				INFOPLIST_KEY_UISupportedInterfaceOrientations_iPad = "UIInterfaceOrientationLandscapeLeft UIInterfaceOrientationLandscapeRight UIInterfaceOrientationPortrait UIInterfaceOrientationPortraitUpsideDown";
				IPHONEOS_DEPLOYMENT_TARGET = 17.0;
				LD_RUNPATH_SEARCH_PATHS = (
					"$(inherited)",
					"@executable_path/Frameworks",
				);
				MARKETING_VERSION = 1.0.4;
				PRODUCT_BUNDLE_IDENTIFIER = com.jareksedy.Geezmo;
				PRODUCT_NAME = "$(TARGET_NAME)";
				PROVISIONING_PROFILE_SPECIFIER = "";
				SDKROOT = iphoneos;
				SWIFT_EMIT_LOC_STRINGS = YES;
				SWIFT_VERSION = 5.0;
				TARGETED_DEVICE_FAMILY = "1,2";
				VALIDATE_PRODUCT = YES;
			};
			name = Release;
		};
		CA667B282C49428C007E8F87 /* Debug */ = {
			isa = XCBuildConfiguration;
			buildSettings = {
				ASSETCATALOG_COMPILER_GLOBAL_ACCENT_COLOR_NAME = AccentColor;
				ASSETCATALOG_COMPILER_WIDGET_BACKGROUND_COLOR_NAME = WidgetBackground;
				CODE_SIGN_STYLE = Automatic;
				CURRENT_PROJECT_VERSION = 92;
				DEVELOPMENT_TEAM = 4NK62H99X6;
				GENERATE_INFOPLIST_FILE = YES;
				INFOPLIST_FILE = GeezmoWidget/Info.plist;
				INFOPLIST_KEY_CFBundleDisplayName = GeezmoWidget;
				INFOPLIST_KEY_NSHumanReadableCopyright = "";
				LD_RUNPATH_SEARCH_PATHS = (
					"$(inherited)",
					"@executable_path/Frameworks",
					"@executable_path/../../Frameworks",
					"@executable_path/../../../../Frameworks",
				);
				MARKETING_VERSION = 1.0.4;
				PRODUCT_BUNDLE_IDENTIFIER = com.jareksedy.Geezmo.watchkitapp.GeezmoWidget;
				PRODUCT_NAME = "$(TARGET_NAME)";
				SDKROOT = watchos;
				SKIP_INSTALL = YES;
				SWIFT_EMIT_LOC_STRINGS = YES;
				SWIFT_VERSION = 5.0;
				TARGETED_DEVICE_FAMILY = 4;
				WATCHOS_DEPLOYMENT_TARGET = 10.0;
			};
			name = Debug;
		};
		CA667B292C49428C007E8F87 /* Release */ = {
			isa = XCBuildConfiguration;
			buildSettings = {
				ASSETCATALOG_COMPILER_GLOBAL_ACCENT_COLOR_NAME = AccentColor;
				ASSETCATALOG_COMPILER_WIDGET_BACKGROUND_COLOR_NAME = WidgetBackground;
				CODE_SIGN_STYLE = Automatic;
				CURRENT_PROJECT_VERSION = 92;
				DEVELOPMENT_TEAM = 4NK62H99X6;
				GENERATE_INFOPLIST_FILE = YES;
				INFOPLIST_FILE = GeezmoWidget/Info.plist;
				INFOPLIST_KEY_CFBundleDisplayName = GeezmoWidget;
				INFOPLIST_KEY_NSHumanReadableCopyright = "";
				LD_RUNPATH_SEARCH_PATHS = (
					"$(inherited)",
					"@executable_path/Frameworks",
					"@executable_path/../../Frameworks",
					"@executable_path/../../../../Frameworks",
				);
				MARKETING_VERSION = 1.0.4;
				PRODUCT_BUNDLE_IDENTIFIER = com.jareksedy.Geezmo.watchkitapp.GeezmoWidget;
				PRODUCT_NAME = "$(TARGET_NAME)";
				SDKROOT = watchos;
				SKIP_INSTALL = YES;
				SWIFT_EMIT_LOC_STRINGS = YES;
				SWIFT_VERSION = 5.0;
				TARGETED_DEVICE_FAMILY = 4;
				VALIDATE_PRODUCT = YES;
				WATCHOS_DEPLOYMENT_TARGET = 10.0;
			};
			name = Release;
		};
/* End XCBuildConfiguration section */

/* Begin XCConfigurationList section */
		CA667A5F2C4918F1007E8F87 /* Build configuration list for PBXProject "Geezmo" */ = {
			isa = XCConfigurationList;
			buildConfigurations = (
				CA667A822C4918F2007E8F87 /* Debug */,
				CA667A832C4918F2007E8F87 /* Release */,
			);
			defaultConfigurationIsVisible = 0;
			defaultConfigurationName = Release;
		};
		CA667A842C4918F2007E8F87 /* Build configuration list for PBXNativeTarget "Geezmo Watch App" */ = {
			isa = XCConfigurationList;
			buildConfigurations = (
				CA667A852C4918F2007E8F87 /* Debug */,
				CA667A862C4918F2007E8F87 /* Release */,
			);
			defaultConfigurationIsVisible = 0;
			defaultConfigurationName = Release;
		};
		CA667A882C4918F2007E8F87 /* Build configuration list for PBXNativeTarget "Geezmo" */ = {
			isa = XCConfigurationList;
			buildConfigurations = (
				CA667A892C4918F2007E8F87 /* Debug */,
				CA667A8A2C4918F2007E8F87 /* Release */,
			);
			defaultConfigurationIsVisible = 0;
			defaultConfigurationName = Release;
		};
		CA667B272C49428C007E8F87 /* Build configuration list for PBXNativeTarget "GeezmoWidgetExtension" */ = {
			isa = XCConfigurationList;
			buildConfigurations = (
				CA667B282C49428C007E8F87 /* Debug */,
				CA667B292C49428C007E8F87 /* Release */,
			);
			defaultConfigurationIsVisible = 0;
			defaultConfigurationName = Release;
		};
/* End XCConfigurationList section */

/* Begin XCLocalSwiftPackageReference section */
		CA8C4F9F2C5CD7F6004154E9 /* XCLocalSwiftPackageReference "LocalPackages/SSDPClient" */ = {
			isa = XCLocalSwiftPackageReference;
			relativePath = LocalPackages/SSDPClient;
		};
/* End XCLocalSwiftPackageReference section */

/* Begin XCRemoteSwiftPackageReference section */
		CA667A952C4921C5007E8F87 /* XCRemoteSwiftPackageReference "ActivityIndicatorView" */ = {
			isa = XCRemoteSwiftPackageReference;
			repositoryURL = "https://github.com/exyte/ActivityIndicatorView.git";
			requirement = {
				kind = upToNextMajorVersion;
				minimumVersion = 1.1.1;
			};
		};
		CA667A982C4921CF007E8F87 /* XCRemoteSwiftPackageReference "Foil" */ = {
			isa = XCRemoteSwiftPackageReference;
			repositoryURL = "https://github.com/jessesquires/Foil.git";
			requirement = {
				kind = upToNextMajorVersion;
				minimumVersion = 5.1.1;
			};
		};
		CA79FC3B2C57EBD500B357F1 /* XCRemoteSwiftPackageReference "WebOSClient" */ = {
			isa = XCRemoteSwiftPackageReference;
			repositoryURL = "https://github.com/jareksedy/WebOSClient.git";
			requirement = {
				kind = upToNextMajorVersion;
				minimumVersion = 1.5.0;
			};
		};
		CA9302AF2C7F270100AAEBEB /* XCRemoteSwiftPackageReference "firebase-ios-sdk" */ = {
			isa = XCRemoteSwiftPackageReference;
			repositoryURL = "https://github.com/firebase/firebase-ios-sdk.git";
			requirement = {
				kind = upToNextMajorVersion;
				minimumVersion = 11.1.0;
			};
		};
/* End XCRemoteSwiftPackageReference section */

/* Begin XCSwiftPackageProductDependency section */
		CA667A962C4921C5007E8F87 /* ActivityIndicatorView */ = {
			isa = XCSwiftPackageProductDependency;
			package = CA667A952C4921C5007E8F87 /* XCRemoteSwiftPackageReference "ActivityIndicatorView" */;
			productName = ActivityIndicatorView;
		};
		CA667A992C4921CF007E8F87 /* Foil */ = {
			isa = XCSwiftPackageProductDependency;
			package = CA667A982C4921CF007E8F87 /* XCRemoteSwiftPackageReference "Foil" */;
			productName = Foil;
		};
		CA667AE52C493155007E8F87 /* Foil */ = {
			isa = XCSwiftPackageProductDependency;
			package = CA667A982C4921CF007E8F87 /* XCRemoteSwiftPackageReference "Foil" */;
			productName = Foil;
		};
		CA79FC3C2C57EBD500B357F1 /* WebOSClient */ = {
			isa = XCSwiftPackageProductDependency;
			package = CA79FC3B2C57EBD500B357F1 /* XCRemoteSwiftPackageReference "WebOSClient" */;
			productName = WebOSClient;
		};
		CA79FC3E2C58068400B357F1 /* WebOSClient */ = {
			isa = XCSwiftPackageProductDependency;
			package = CA79FC3B2C57EBD500B357F1 /* XCRemoteSwiftPackageReference "WebOSClient" */;
			productName = WebOSClient;
		};
		CA8C4F9A2C5CD581004154E9 /* SSDPClient */ = {
			isa = XCSwiftPackageProductDependency;
			productName = SSDPClient;
		};
		CA8C4F9D2C5CD657004154E9 /* SSDPClient */ = {
			isa = XCSwiftPackageProductDependency;
			productName = SSDPClient;
		};
		CA8C4FA02C5CD7F6004154E9 /* SSDPClient */ = {
			isa = XCSwiftPackageProductDependency;
			productName = SSDPClient;
		};
		CA9302B02C7F270100AAEBEB /* FirebaseAnalytics */ = {
			isa = XCSwiftPackageProductDependency;
			package = CA9302AF2C7F270100AAEBEB /* XCRemoteSwiftPackageReference "firebase-ios-sdk" */;
			productName = FirebaseAnalytics;
		};
		CA9302B22C7F270100AAEBEB /* FirebaseCrashlytics */ = {
			isa = XCSwiftPackageProductDependency;
			package = CA9302AF2C7F270100AAEBEB /* XCRemoteSwiftPackageReference "firebase-ios-sdk" */;
			productName = FirebaseCrashlytics;
		};
/* End XCSwiftPackageProductDependency section */
	};
	rootObject = CA667A5C2C4918F1007E8F87 /* Project object */;
}
